# This file was autogenerated by Stack.
# You should not edit this file by hand.
# For more information, please see the documentation at:
#   https://docs.haskellstack.org/en/stable/lock_files

packages:
- completed:
    hackage: spacecookie-1.0.0.1@sha256:703bff02300dde45929d222aa8826b18166a1fd7f3687e3900c679b3f1fd952e,4047
    pantry-tree:
      sha256: cf1436db16d118e45edaeb85cc92eeb26d8dcbab548b7fe936606f6dfa02f1f3
      size: 2322
  original:
    hackage: spacecookie-1.0.0.1@sha256:703bff02300dde45929d222aa8826b18166a1fd7f3687e3900c679b3f1fd952e,4047
- completed:
    hackage: tomland-1.3.3.2@sha256:8a7924fb8ced9d82810f603cf195cd26b89a248b685ec21b99ffb28df3ea7c1a,9474
    pantry-tree:
      sha256: 23d49e7d097e72d3f7e8fe233bca4271cd06c07fe356048edb59a0e19e434ea7
      size: 6430
  original:
    hackage: tomland-1.3.3.2
- completed:
    hackage: validation-selective-0.2.0.0@sha256:e1ab5482dede8bf676d729a09109c7c5f798363b9d458e4197a27afb8b48fdd3,3907
    pantry-tree:
      sha256: c5f1ddcb6a721cdb12cdec1e12af3ad7dcc936745e3fd53e5dd09b4a12b83bd5
      size: 697
  original:
    hackage: validation-selective-0.2.0.0
snapshots:
- completed:
    sha256: 4a0e5e187fbef423f9c60072bfb1dd56f2a01a07a2667eb1469bd79073cfceaf
    size: 713340
    url: https://raw.githubusercontent.com/commercialhaskell/stackage-snapshots/master/lts/22/20.yaml
  original:
    url: https://raw.githubusercontent.com/commercialhaskell/stackage-snapshots/master/lts/22/20.yaml
